Microsoft Visual Studio Solution File, Format Version 12.00
Project("{2150E333-8FDC-42A3-9474-1A3956D46DE8}") = "ProductCatalog", "ProductCatalog", "{1B01FD48-653F-468B-A89A-C0DF2272D032}"
EndProject
Project("{2150E333-8FDC-42A3-9474-1A3956D46DE8}") = "Shared", "Shared", "{410B9F7D-7C3E-4CBC-91BA-A044FF4775E8}"
EndProject
Project("{FAE04EC0-301F-11D3-BF4B-00C04F79EFBC}") = "Shared.Core", "Shared\Shared.Core\Shared.Core.csproj", "{C0A5294E-7693-4407-811F-C23B50087B3E}"
EndProject
Project("{FAE04EC0-301F-11D3-BF4B-00C04F79EFBC}") = "ProductCatalog.Hexagon", "ProductCatalog\ProductCatalog.Hexagon\ProductCatalog.Hexagon.csproj", "{4C3CAEDC-3912-469F-BFAB-F3E680367189}"
EndProject
Project("{FAE04EC0-301F-11D3-BF4B-00C04F79EFBC}") = "Shared.Testing", "Shared\Shared.Testing\Shared.Testing.csproj", "{A876B513-094C-4A9F-A7F5-F5E868222D43}"
EndProject
Project("{FAE04EC0-301F-11D3-BF4B-00C04F79EFBC}") = "ProductCatalog.Web", "ProductCatalog\ProductCatalog.Web\ProductCatalog.Web.csproj", "{39B20FB4-ADAF-44A5-88B8-C304070598FB}"
EndProject
Project("{FAE04EC0-301F-11D3-BF4B-00C04F79EFBC}") = "Shared.Domain", "Shared\Shared.Domain\Shared.Domain.csproj", "{765A6CDF-CA07-4EBA-81CB-7F42F816B9B9}"
EndProject
Project("{FAE04EC0-301F-11D3-BF4B-00C04F79EFBC}") = "Application.Web", "Application.Web\Application.Web.csproj", "{C832285F-65CD-48DD-A1D1-7787507D47D0}"
EndProject
Project("{FAE04EC0-301F-11D3-BF4B-00C04F79EFBC}") = "Shared.Web", "Shared\Shared.Web\Shared.Web.csproj", "{A3D3BDBD-DE61-4C17-84E7-8F71A1CC7AFD}"
EndProject
Project("{FAE04EC0-301F-11D3-BF4B-00C04F79EFBC}") = "ProductCatalog.SecondaryAdapters", "ProductCatalog\ProductCatalog.SecondaryAdapters\ProductCatalog.SecondaryAdapters.csproj", "{FA6EC716-4ACA-4D55-A67B-90D279E9A4B3}"
EndProject
Project("{FAE04EC0-301F-11D3-BF4B-00C04F79EFBC}") = "ProductCatalog.UnitTests", "ProductCatalog\ProductCatalog.UnitTests\ProductCatalog.UnitTests.csproj", "{63A69971-95F5-412A-A3A4-B5B766924C59}"
EndProject
Project("{FAE04EC0-301F-11D3-BF4B-00C04F79EFBC}") = "ProductCatalog.AcceptanceTests", "ProductCatalog\ProductCatalog.AcceptanceTests\ProductCatalog.AcceptanceTests.csproj", "{D5217F9F-B13D-46D6-B42F-EB51E30995FD}"
EndProject
Project("{2150E333-8FDC-42A3-9474-1A3956D46DE8}") = "Tests", "Tests", "{9630DE7B-B4C4-4D70-BB7F-28574BEDD292}"
EndProject
Project("{2150E333-8FDC-42A3-9474-1A3956D46DE8}") = "Pricing", "Pricing", "{5CCC7B94-3A40-4DF9-BB54-390A08F98F7F}"
EndProject
Project("{FAE04EC0-301F-11D3-BF4B-00C04F79EFBC}") = "Pricing.Hexagon", "Pricing\Pricing.Hexagon\Pricing.Hexagon.csproj", "{F65F4DAB-DEAF-4AAB-8783-E19EC18089CC}"
EndProject
Project("{FAE04EC0-301F-11D3-BF4B-00C04F79EFBC}") = "Pricing.SecondaryAdapters", "Pricing\Pricing.SecondaryAdapters\Pricing.SecondaryAdapters.csproj", "{00A8DC46-0AEA-4166-A8AC-6D8D0D9191D1}"
EndProject
Project("{FAE04EC0-301F-11D3-BF4B-00C04F79EFBC}") = "Pricing.Web", "Pricing\Pricing.Web\Pricing.Web.csproj", "{609462BE-6D09-4306-8694-C83C60A7B564}"
EndProject
Global
	GlobalSection(SolutionConfigurationPlatforms) = preSolution
		Debug|Any CPU = Debug|Any CPU
		Release|Any CPU = Release|Any CPU
	EndGlobalSection
	GlobalSection(NestedProjects) = preSolution
		{C0A5294E-7693-4407-811F-C23B50087B3E} = {410B9F7D-7C3E-4CBC-91BA-A044FF4775E8}
		{A876B513-094C-4A9F-A7F5-F5E868222D43} = {410B9F7D-7C3E-4CBC-91BA-A044FF4775E8}
		{39B20FB4-ADAF-44A5-88B8-C304070598FB} = {1B01FD48-653F-468B-A89A-C0DF2272D032}
		{4C3CAEDC-3912-469F-BFAB-F3E680367189} = {1B01FD48-653F-468B-A89A-C0DF2272D032}
		{765A6CDF-CA07-4EBA-81CB-7F42F816B9B9} = {410B9F7D-7C3E-4CBC-91BA-A044FF4775E8}
		{A3D3BDBD-DE61-4C17-84E7-8F71A1CC7AFD} = {410B9F7D-7C3E-4CBC-91BA-A044FF4775E8}
		{FA6EC716-4ACA-4D55-A67B-90D279E9A4B3} = {1B01FD48-653F-468B-A89A-C0DF2272D032}
		{9630DE7B-B4C4-4D70-BB7F-28574BEDD292} = {1B01FD48-653F-468B-A89A-C0DF2272D032}
		{D5217F9F-B13D-46D6-B42F-EB51E30995FD} = {9630DE7B-B4C4-4D70-BB7F-28574BEDD292}
		{63A69971-95F5-412A-A3A4-B5B766924C59} = {9630DE7B-B4C4-4D70-BB7F-28574BEDD292}
		{F65F4DAB-DEAF-4AAB-8783-E19EC18089CC} = {5CCC7B94-3A40-4DF9-BB54-390A08F98F7F}
		{00A8DC46-0AEA-4166-A8AC-6D8D0D9191D1} = {5CCC7B94-3A40-4DF9-BB54-390A08F98F7F}
		{609462BE-6D09-4306-8694-C83C60A7B564} = {5CCC7B94-3A40-4DF9-BB54-390A08F98F7F}
	EndGlobalSection
	GlobalSection(ProjectConfigurationPlatforms) = postSolution
		{C0A5294E-7693-4407-811F-C23B50087B3E}.Debug|Any CPU.ActiveCfg = Debug|Any CPU
		{C0A5294E-7693-4407-811F-C23B50087B3E}.Debug|Any CPU.Build.0 = Debug|Any CPU
		{C0A5294E-7693-4407-811F-C23B50087B3E}.Release|Any CPU.ActiveCfg = Release|Any CPU
		{C0A5294E-7693-4407-811F-C23B50087B3E}.Release|Any CPU.Build.0 = Release|Any CPU
		{4C3CAEDC-3912-469F-BFAB-F3E680367189}.Debug|Any CPU.ActiveCfg = Debug|Any CPU
		{4C3CAEDC-3912-469F-BFAB-F3E680367189}.Debug|Any CPU.Build.0 = Debug|Any CPU
		{4C3CAEDC-3912-469F-BFAB-F3E680367189}.Release|Any CPU.ActiveCfg = Release|Any CPU
		{4C3CAEDC-3912-469F-BFAB-F3E680367189}.Release|Any CPU.Build.0 = Release|Any CPU
		{A876B513-094C-4A9F-A7F5-F5E868222D43}.Debug|Any CPU.ActiveCfg = Debug|Any CPU
		{A876B513-094C-4A9F-A7F5-F5E868222D43}.Debug|Any CPU.Build.0 = Debug|Any CPU
		{A876B513-094C-4A9F-A7F5-F5E868222D43}.Release|Any CPU.ActiveCfg = Release|Any CPU
		{A876B513-094C-4A9F-A7F5-F5E868222D43}.Release|Any CPU.Build.0 = Release|Any CPU
		{39B20FB4-ADAF-44A5-88B8-C304070598FB}.Debug|Any CPU.ActiveCfg = Debug|Any CPU
		{39B20FB4-ADAF-44A5-88B8-C304070598FB}.Debug|Any CPU.Build.0 = Debug|Any CPU
		{39B20FB4-ADAF-44A5-88B8-C304070598FB}.Release|Any CPU.ActiveCfg = Release|Any CPU
		{39B20FB4-ADAF-44A5-88B8-C304070598FB}.Release|Any CPU.Build.0 = Release|Any CPU
		{765A6CDF-CA07-4EBA-81CB-7F42F816B9B9}.Debug|Any CPU.ActiveCfg = Debug|Any CPU
		{765A6CDF-CA07-4EBA-81CB-7F42F816B9B9}.Debug|Any CPU.Build.0 = Debug|Any CPU
		{765A6CDF-CA07-4EBA-81CB-7F42F816B9B9}.Release|Any CPU.ActiveCfg = Release|Any CPU
		{765A6CDF-CA07-4EBA-81CB-7F42F816B9B9}.Release|Any CPU.Build.0 = Release|Any CPU
		{C832285F-65CD-48DD-A1D1-7787507D47D0}.Debug|Any CPU.ActiveCfg = Debug|Any CPU
		{C832285F-65CD-48DD-A1D1-7787507D47D0}.Debug|Any CPU.Build.0 = Debug|Any CPU
		{C832285F-65CD-48DD-A1D1-7787507D47D0}.Release|Any CPU.ActiveCfg = Release|Any CPU
		{C832285F-65CD-48DD-A1D1-7787507D47D0}.Release|Any CPU.Build.0 = Release|Any CPU
		{A3D3BDBD-DE61-4C17-84E7-8F71A1CC7AFD}.Debug|Any CPU.ActiveCfg = Debug|Any CPU
		{A3D3BDBD-DE61-4C17-84E7-8F71A1CC7AFD}.Debug|Any CPU.Build.0 = Debug|Any CPU
		{A3D3BDBD-DE61-4C17-84E7-8F71A1CC7AFD}.Release|Any CPU.ActiveCfg = Release|Any CPU
		{A3D3BDBD-DE61-4C17-84E7-8F71A1CC7AFD}.Release|Any CPU.Build.0 = Release|Any CPU
		{FA6EC716-4ACA-4D55-A67B-90D279E9A4B3}.Debug|Any CPU.ActiveCfg = Debug|Any CPU
		{FA6EC716-4ACA-4D55-A67B-90D279E9A4B3}.Debug|Any CPU.Build.0 = Debug|Any CPU
		{FA6EC716-4ACA-4D55-A67B-90D279E9A4B3}.Release|Any CPU.ActiveCfg = Release|Any CPU
		{FA6EC716-4ACA-4D55-A67B-90D279E9A4B3}.Release|Any CPU.Build.0 = Release|Any CPU
		{63A69971-95F5-412A-A3A4-B5B766924C59}.Debug|Any CPU.ActiveCfg = Debug|Any CPU
		{63A69971-95F5-412A-A3A4-B5B766924C59}.Debug|Any CPU.Build.0 = Debug|Any CPU
		{63A69971-95F5-412A-A3A4-B5B766924C59}.Release|Any CPU.ActiveCfg = Release|Any CPU
		{63A69971-95F5-412A-A3A4-B5B766924C59}.Release|Any CPU.Build.0 = Release|Any CPU
		{D5217F9F-B13D-46D6-B42F-EB51E30995FD}.Debug|Any CPU.ActiveCfg = Debug|Any CPU
		{D5217F9F-B13D-46D6-B42F-EB51E30995FD}.Debug|Any CPU.Build.0 = Debug|Any CPU
		{D5217F9F-B13D-46D6-B42F-EB51E30995FD}.Release|Any CPU.ActiveCfg = Release|Any CPU
		{D5217F9F-B13D-46D6-B42F-EB51E30995FD}.Release|Any CPU.Build.0 = Release|Any CPU
		{F65F4DAB-DEAF-4AAB-8783-E19EC18089CC}.Debug|Any CPU.ActiveCfg = Debug|Any CPU
		{F65F4DAB-DEAF-4AAB-8783-E19EC18089CC}.Debug|Any CPU.Build.0 = Debug|Any CPU
		{F65F4DAB-DEAF-4AAB-8783-E19EC18089CC}.Release|Any CPU.ActiveCfg = Release|Any CPU
		{F65F4DAB-DEAF-4AAB-8783-E19EC18089CC}.Release|Any CPU.Build.0 = Release|Any CPU
		{00A8DC46-0AEA-4166-A8AC-6D8D0D9191D1}.Debug|Any CPU.ActiveCfg = Debug|Any CPU
		{00A8DC46-0AEA-4166-A8AC-6D8D0D9191D1}.Debug|Any CPU.Build.0 = Debug|Any CPU
		{00A8DC46-0AEA-4166-A8AC-6D8D0D9191D1}.Release|Any CPU.ActiveCfg = Release|Any CPU
		{00A8DC46-0AEA-4166-A8AC-6D8D0D9191D1}.Release|Any CPU.Build.0 = Release|Any CPU
		{609462BE-6D09-4306-8694-C83C60A7B564}.Debug|Any CPU.ActiveCfg = Debug|Any CPU
		{609462BE-6D09-4306-8694-C83C60A7B564}.Debug|Any CPU.Build.0 = Debug|Any CPU
		{609462BE-6D09-4306-8694-C83C60A7B564}.Release|Any CPU.ActiveCfg = Release|Any CPU
		{609462BE-6D09-4306-8694-C83C60A7B564}.Release|Any CPU.Build.0 = Release|Any CPU
	EndGlobalSection
EndGlobal
