Microsoft Visual Studio Solution File, Format Version 12.00
Project("{2150E333-8FDC-42A3-9474-1A3956D46DE8}") = "ProductCatalog", "ProductCatalog", "{1B01FD48-653F-468B-A89A-C0DF2272D032}"
EndProject
Project("{2150E333-8FDC-42A3-9474-1A3956D46DE8}") = "Shared", "Shared", "{410B9F7D-7C3E-4CBC-91BA-A044FF4775E8}"
EndProject
Project("{FAE04EC0-301F-11D3-BF4B-00C04F79EFBC}") = "Shared.Core", "Shared\Shared.Core\Shared.Core.csproj", "{C0A5294E-7693-4407-811F-C23B50087B3E}"
EndProject
Project("{FAE04EC0-301F-11D3-BF4B-00C04F79EFBC}") = "ProductCatalog.Hexagon", "Products\ProductCatalog.Hexagon\ProductCatalog.Hexagon.csproj", "{4C3CAEDC-3912-469F-BFAB-F3E680367189}"
EndProject
Project("{FAE04EC0-301F-11D3-BF4B-00C04F79EFBC}") = "Shared.Testing", "Shared\Shared.Testing\Shared.Testing.csproj", "{A876B513-094C-4A9F-A7F5-F5E868222D43}"
EndProject
Project("{FAE04EC0-301F-11D3-BF4B-00C04F79EFBC}") = "ProductCatalog.Web", "Products\ProductCatalog.Web\ProductCatalog.Web.csproj", "{39B20FB4-ADAF-44A5-88B8-C304070598FB}"
EndProject
Project("{FAE04EC0-301F-11D3-BF4B-00C04F79EFBC}") = "ProductCatalog.Infra", "Products\ProductCatalog.Infra\ProductCatalog.Infra.csproj", "{35F058C2-C1CD-4EFD-B381-9AC7C5BA7DF2}"
EndProject
Project("{FAE04EC0-301F-11D3-BF4B-00C04F79EFBC}") = "ProductCatalog.Hexagon.Tests", "Products\ProductCatalog.Hexagon.Tests\ProductCatalog.Hexagon.Tests.csproj", "{CFAD9087-BCEC-47FA-8455-AA5122A4E590}"
EndProject
Global
	GlobalSection(SolutionConfigurationPlatforms) = preSolution
		Debug|Any CPU = Debug|Any CPU
		Release|Any CPU = Release|Any CPU
	EndGlobalSection
	GlobalSection(NestedProjects) = preSolution
		{C0A5294E-7693-4407-811F-C23B50087B3E} = {410B9F7D-7C3E-4CBC-91BA-A044FF4775E8}
		{A876B513-094C-4A9F-A7F5-F5E868222D43} = {410B9F7D-7C3E-4CBC-91BA-A044FF4775E8}
		{39B20FB4-ADAF-44A5-88B8-C304070598FB} = {1B01FD48-653F-468B-A89A-C0DF2272D032}
		{35F058C2-C1CD-4EFD-B381-9AC7C5BA7DF2} = {1B01FD48-653F-468B-A89A-C0DF2272D032}
		{CFAD9087-BCEC-47FA-8455-AA5122A4E590} = {1B01FD48-653F-468B-A89A-C0DF2272D032}
		{4C3CAEDC-3912-469F-BFAB-F3E680367189} = {1B01FD48-653F-468B-A89A-C0DF2272D032}
	EndGlobalSection
	GlobalSection(ProjectConfigurationPlatforms) = postSolution
		{C0A5294E-7693-4407-811F-C23B50087B3E}.Debug|Any CPU.ActiveCfg = Debug|Any CPU
		{C0A5294E-7693-4407-811F-C23B50087B3E}.Debug|Any CPU.Build.0 = Debug|Any CPU
		{C0A5294E-7693-4407-811F-C23B50087B3E}.Release|Any CPU.ActiveCfg = Release|Any CPU
		{C0A5294E-7693-4407-811F-C23B50087B3E}.Release|Any CPU.Build.0 = Release|Any CPU
		{4C3CAEDC-3912-469F-BFAB-F3E680367189}.Debug|Any CPU.ActiveCfg = Debug|Any CPU
		{4C3CAEDC-3912-469F-BFAB-F3E680367189}.Debug|Any CPU.Build.0 = Debug|Any CPU
		{4C3CAEDC-3912-469F-BFAB-F3E680367189}.Release|Any CPU.ActiveCfg = Release|Any CPU
		{4C3CAEDC-3912-469F-BFAB-F3E680367189}.Release|Any CPU.Build.0 = Release|Any CPU
		{A876B513-094C-4A9F-A7F5-F5E868222D43}.Debug|Any CPU.ActiveCfg = Debug|Any CPU
		{A876B513-094C-4A9F-A7F5-F5E868222D43}.Debug|Any CPU.Build.0 = Debug|Any CPU
		{A876B513-094C-4A9F-A7F5-F5E868222D43}.Release|Any CPU.ActiveCfg = Release|Any CPU
		{A876B513-094C-4A9F-A7F5-F5E868222D43}.Release|Any CPU.Build.0 = Release|Any CPU
		{39B20FB4-ADAF-44A5-88B8-C304070598FB}.Debug|Any CPU.ActiveCfg = Debug|Any CPU
		{39B20FB4-ADAF-44A5-88B8-C304070598FB}.Debug|Any CPU.Build.0 = Debug|Any CPU
		{39B20FB4-ADAF-44A5-88B8-C304070598FB}.Release|Any CPU.ActiveCfg = Release|Any CPU
		{39B20FB4-ADAF-44A5-88B8-C304070598FB}.Release|Any CPU.Build.0 = Release|Any CPU
		{35F058C2-C1CD-4EFD-B381-9AC7C5BA7DF2}.Debug|Any CPU.ActiveCfg = Debug|Any CPU
		{35F058C2-C1CD-4EFD-B381-9AC7C5BA7DF2}.Debug|Any CPU.Build.0 = Debug|Any CPU
		{35F058C2-C1CD-4EFD-B381-9AC7C5BA7DF2}.Release|Any CPU.ActiveCfg = Release|Any CPU
		{35F058C2-C1CD-4EFD-B381-9AC7C5BA7DF2}.Release|Any CPU.Build.0 = Release|Any CPU
		{CFAD9087-BCEC-47FA-8455-AA5122A4E590}.Debug|Any CPU.ActiveCfg = Debug|Any CPU
		{CFAD9087-BCEC-47FA-8455-AA5122A4E590}.Debug|Any CPU.Build.0 = Debug|Any CPU
		{CFAD9087-BCEC-47FA-8455-AA5122A4E590}.Release|Any CPU.ActiveCfg = Release|Any CPU
		{CFAD9087-BCEC-47FA-8455-AA5122A4E590}.Release|Any CPU.Build.0 = Release|Any CPU
	EndGlobalSection
EndGlobal
